{
    "name": "shower-gamepad",
    "version": "1.0.3",
    "lockfileVersion": 3,
    "requires": true,
    "packages": {
        "": {
            "name": "shower-gamepad",
            "version": "1.0.3",
            "license": "MIT",
            "devDependencies": {
                "gamepad-api": "^1.0.1",
                "shower-core": "^2.0.7",
                "shower-ribbon": "^2.0.6",
                "super-event-emitter": "^4.1.4"
            }
        },
        "node_modules/gamepad-api": {
            "version": "1.0.2",
            "resolved": "https://registry.npmjs.org/gamepad-api/-/gamepad-api-1.0.2.tgz",
            "integrity": "sha512-I07xycuGzGebAQsSMuwxO5aFvJIdymgC9+GLwr9skaljB3J6GPy7CwNtU3xbfvun6kPOVBcLMI0P71dxBdsfCA==",
            "dev": true,
            "license": "MIT"
        },
        "node_modules/shower-core": {
            "version": "2.1.0",
            "resolved": "https://registry.npmjs.org/shower-core/-/shower-core-2.1.0.tgz",
            "integrity": "sha512-E9szG/yXYdOryaEm5Np9YqvF714b/kmskUn3+349lHG7LBq5ei+7NoVbFVF0PUo2iW7S47tSk2A9IsdTXG1zxg==",
            "dev": true,
            "license": "MIT"
        },
        "node_modules/shower-ribbon": {
            "version": "2.1.0",
            "resolved": "https://registry.npmjs.org/shower-ribbon/-/shower-ribbon-2.1.0.tgz",
            "integrity": "sha512-InGRgTla2QaXa/0gpRRxz0rQb2MJRb3hrI42ZYk6L7S+B5/THPO+KLNMeyIHkDOADlhp8OP7+I7Dses96bu14w==",
            "deprecated": "Please use @shower/ribbon instead",
            "dev": true,
            "license": "MIT"
        },
        "node_modules/super-event-emitter": {
            "version": "4.1.15",
            "resolved": "https://registry.npmjs.org/super-event-emitter/-/super-event-emitter-4.1.15.tgz",
            "integrity": "sha512-eHQKF9v5zMUsUUtmzIWpxCKUrNYMvoE5Kx/9odVMh77xhGEp/hJyoMb1cyYFzj1ByRQdIPw18ATr+k7saklgWA==",
            "dev": true,
            "license": "MIT",
            "engines": {
                "node": ">=6"
            }
        }
    }
}
